
Microsoft Visual Studio Solution File, Format Version 12.00
# Visual Studio Version 16
VisualStudioVersion = 16.0.29102.190
MinimumVisualStudioVersion = 10.0.40219.1
Project("{FAE04EC0-301F-11D3-BF4B-00C04F79EFBC}") = "ImageFileToByteArrAndBack", "WpfAppPractice\ImageFileToByteArrAndBack.csproj", "{135D204C-0F83-4E95-B4BC-AFC75172823D}"
EndProject
Project("{FAE04EC0-301F-11D3-BF4B-00C04F79EFBC}") = "OpenPrintColorFolderFileDialog", "OpenPrintColorFolderFileDialog\OpenPrintColorFolderFileDialog.csproj", "{31344CED-812B-43E7-81E8-CA0C46824ECD}"
EndProject
Project("{FAE04EC0-301F-11D3-BF4B-00C04F79EFBC}") = "CreatePdfDocXlsx", "CreatePdfDocXlsx\CreatePdfDocXlsx.csproj", "{20BABC3A-1DAC-4D91-B496-DFCD2C0E2B69}"
EndProject
Global
	GlobalSection(SolutionConfigurationPlatforms) = preSolution
		Debug|Any CPU = Debug|Any CPU
		Release|Any CPU = Release|Any CPU
	EndGlobalSection
	GlobalSection(ProjectConfigurationPlatforms) = postSolution
		{135D204C-0F83-4E95-B4BC-AFC75172823D}.Debug|Any CPU.ActiveCfg = Debug|Any CPU
		{135D204C-0F83-4E95-B4BC-AFC75172823D}.Debug|Any CPU.Build.0 = Debug|Any CPU
		{135D204C-0F83-4E95-B4BC-AFC75172823D}.Release|Any CPU.ActiveCfg = Release|Any CPU
		{135D204C-0F83-4E95-B4BC-AFC75172823D}.Release|Any CPU.Build.0 = Release|Any CPU
		{31344CED-812B-43E7-81E8-CA0C46824ECD}.Debug|Any CPU.ActiveCfg = Debug|Any CPU
		{31344CED-812B-43E7-81E8-CA0C46824ECD}.Debug|Any CPU.Build.0 = Debug|Any CPU
		{31344CED-812B-43E7-81E8-CA0C46824ECD}.Release|Any CPU.ActiveCfg = Release|Any CPU
		{31344CED-812B-43E7-81E8-CA0C46824ECD}.Release|Any CPU.Build.0 = Release|Any CPU
		{20BABC3A-1DAC-4D91-B496-DFCD2C0E2B69}.Debug|Any CPU.ActiveCfg = Debug|Any CPU
		{20BABC3A-1DAC-4D91-B496-DFCD2C0E2B69}.Debug|Any CPU.Build.0 = Debug|Any CPU
		{20BABC3A-1DAC-4D91-B496-DFCD2C0E2B69}.Release|Any CPU.ActiveCfg = Release|Any CPU
		{20BABC3A-1DAC-4D91-B496-DFCD2C0E2B69}.Release|Any CPU.Build.0 = Release|Any CPU
	EndGlobalSection
	GlobalSection(SolutionProperties) = preSolution
		HideSolutionNode = FALSE
	EndGlobalSection
	GlobalSection(ExtensibilityGlobals) = postSolution
		SolutionGuid = {8A5091CA-F4FC-4D3B-8C74-DA1D741D8B18}
	EndGlobalSection
EndGlobal
